
Microsoft Visual Studio Solution File, Format Version 12.00
# Visual Studio Version 16
VisualStudioVersion = 16.0.28729.10
MinimumVisualStudioVersion = 10.0.40219.1
Project("{FAE04EC0-301F-11D3-BF4B-00C04F79EFBC}") = "WebApplication2", "WebApplication2\WebApplication2.csproj", "{D329C685-EC5A-4390-A81A-E5F687C7775B}"
EndProject
Global
	GlobalSection(SolutionConfigurationPlatforms) = preSolution
		Debug|Any CPU = Debug|Any CPU
		Release|Any CPU = Release|Any CPU
	EndGlobalSection
	GlobalSection(ProjectConfigurationPlatforms) = postSolution
		{D329C685-EC5A-4390-A81A-E5F687C7775B}.Debug|Any CPU.ActiveCfg = Debug|Any CPU
		{D329C685-EC5A-4390-A81A-E5F687C7775B}.Debug|Any CPU.Build.0 = Debug|Any CPU
		{D329C685-EC5A-4390-A81A-E5F687C7775B}.Release|Any CPU.ActiveCfg = Release|Any CPU
		{D329C685-EC5A-4390-A81A-E5F687C7775B}.Release|Any CPU.Build.0 = Release|Any CPU
	EndGlobalSection
	GlobalSection(SolutionProperties) = preSolution
		HideSolutionNode = FALSE
	EndGlobalSection
	GlobalSection(ExtensibilityGlobals) = postSolution
		SolutionGuid = {324D162E-4A62-4793-8A25-307A6C3836B1}
	EndGlobalSection
EndGlobal
